
Microsoft Visual Studio Solution File, Format Version 12.00
# Visual Studio Version 16
VisualStudioVersion = 16.0.31729.503
MinimumVisualStudioVersion = 10.0.40219.1
Project("{FAE04EC0-301F-11D3-BF4B-00C04F79EFBC}") = "Blazor API", "Blazor API.csproj", "{E40D6149-C03A-4559-AF8D-A7995488B507}"
EndProject
Global
	GlobalSection(SolutionConfigurationPlatforms) = preSolution
		Debug|Any CPU = Debug|Any CPU
		Release|Any CPU = Release|Any CPU
	EndGlobalSection
	GlobalSection(ProjectConfigurationPlatforms) = postSolution
		{E40D6149-C03A-4559-AF8D-A7995488B507}.Debug|Any CPU.ActiveCfg = Debug|Any CPU
		{E40D6149-C03A-4559-AF8D-A7995488B507}.Debug|Any CPU.Build.0 = Debug|Any CPU
		{E40D6149-C03A-4559-AF8D-A7995488B507}.Release|Any CPU.ActiveCfg = Release|Any CPU
		{E40D6149-C03A-4559-AF8D-A7995488B507}.Release|Any CPU.Build.0 = Release|Any CPU
	EndGlobalSection
	GlobalSection(SolutionProperties) = preSolution
		HideSolutionNode = FALSE
	EndGlobalSection
	GlobalSection(ExtensibilityGlobals) = postSolution
		SolutionGuid = {E7170E7D-4BAF-474A-8894-98DB9601EE0F}
	EndGlobalSection
EndGlobal
